<Solution>
  <Folder Name="/src/">
    <Project Path="src/BuildingBlocks/BuildingBlocks.csproj" />
  </Folder>
  <Folder Name="/src/Hosts/">
    <Project Path="src/Hosts/RigForge.MVC/RigForge.MVC.csproj" />
  </Folder>
  <Folder Name="/src/Modules/" />
  <Folder Name="/src/Modules/CPUModule/">
    <Project Path="src/Modules/CPUModule/CPUModule.Application/CPUModule.Application.csproj" />
    <Project Path="src/Modules/CPUModule/CPUModule.Contracts/CPUModule.Contracts.csproj" />
    <Project Path="src/Modules/CPUModule/CPUModule.Domain/CPUModule.Domain.csproj" />
    <Project Path="src/Modules/CPUModule/CPUModule.Infrastructure/CPUModule.Infrastructure.csproj" />
  </Folder>
  <Folder Name="/src/Modules/SocketModule/">
    <Project Path="src/Modules/SocketModule/SocketModule.Application/SocketModule.Application.csproj" />
    <Project Path="src/Modules/SocketModule/SocketModule.Contracts/SocketModule.Contracts.csproj" />
    <Project Path="src/Modules/SocketModule/SocketModule.Domain/SocketModule.Domain.csproj" />
    <Project Path="src/Modules/SocketModule/SocketModule.Infrastructure/SocketModule.Infrastructure.csproj" />
  </Folder>
  <Folder Name="/src/Modules/MotherboardModule/">
    <Project Path="src/Modules/MotherboardModule/MotherboardModule.Application/MotherboardModule.Application.csproj" />
    <Project Path="src/Modules/MotherboardModule/MotherboardModule.Contracts/MotherboardModule.Contracts.csproj" />
    <Project Path="src/Modules/MotherboardModule/MotherboardModule.Domain/MotherboardModule.Domain.csproj" />
    <Project Path="src/Modules/MotherboardModule/MotherboardModule.Infrastructure/MotherboardModule.Infrastructure.csproj" />
  </Folder>
  <Project Path="test/test.csproj" />
</Solution>
